
Microsoft Visual Studio Solution File, Format Version 12.00
# Visual Studio Version 17
VisualStudioVersion = 17.8.34316.72
MinimumVisualStudioVersion = 10.0.40219.1
Project("{9A19103F-16F7-4668-BE54-9A1E7A4F7556}") = "oBiletCase.Web", "oBiletCase\oBiletCase.Web.csproj", "{210C4704-4655-4533-B61D-773EF12A8C90}"
EndProject
Project("{9A19103F-16F7-4668-BE54-9A1E7A4F7556}") = "oBiletCase.Core", "oBiletCase.Core\oBiletCase.Core.csproj", "{6E742963-1E88-4CC3-AC51-414474C1830D}"
EndProject
Project("{9A19103F-16F7-4668-BE54-9A1E7A4F7556}") = "oBiletCase.Business", "oBiletCase.Business\oBiletCase.Business.csproj", "{B4AF06B4-8B28-4B17-9D2F-445A37EC254F}"
EndProject
Global
	GlobalSection(SolutionConfigurationPlatforms) = preSolution
		Debug|Any CPU = Debug|Any CPU
		Release|Any CPU = Release|Any CPU
	EndGlobalSection
	GlobalSection(ProjectConfigurationPlatforms) = postSolution
		{210C4704-4655-4533-B61D-773EF12A8C90}.Debug|Any CPU.ActiveCfg = Debug|Any CPU
		{210C4704-4655-4533-B61D-773EF12A8C90}.Debug|Any CPU.Build.0 = Debug|Any CPU
		{210C4704-4655-4533-B61D-773EF12A8C90}.Release|Any CPU.ActiveCfg = Release|Any CPU
		{210C4704-4655-4533-B61D-773EF12A8C90}.Release|Any CPU.Build.0 = Release|Any CPU
		{6E742963-1E88-4CC3-AC51-414474C1830D}.Debug|Any CPU.ActiveCfg = Debug|Any CPU
		{6E742963-1E88-4CC3-AC51-414474C1830D}.Debug|Any CPU.Build.0 = Debug|Any CPU
		{6E742963-1E88-4CC3-AC51-414474C1830D}.Release|Any CPU.ActiveCfg = Release|Any CPU
		{6E742963-1E88-4CC3-AC51-414474C1830D}.Release|Any CPU.Build.0 = Release|Any CPU
		{B4AF06B4-8B28-4B17-9D2F-445A37EC254F}.Debug|Any CPU.ActiveCfg = Debug|Any CPU
		{B4AF06B4-8B28-4B17-9D2F-445A37EC254F}.Debug|Any CPU.Build.0 = Debug|Any CPU
		{B4AF06B4-8B28-4B17-9D2F-445A37EC254F}.Release|Any CPU.ActiveCfg = Release|Any CPU
		{B4AF06B4-8B28-4B17-9D2F-445A37EC254F}.Release|Any CPU.Build.0 = Release|Any CPU
	EndGlobalSection
	GlobalSection(SolutionProperties) = preSolution
		HideSolutionNode = FALSE
	EndGlobalSection
	GlobalSection(ExtensibilityGlobals) = postSolution
		SolutionGuid = {576AAC78-EDC8-4178-93F2-66CD8B39EC99}
	EndGlobalSection
EndGlobal
